
Microsoft Visual Studio Solution File, Format Version 12.00
# Visual Studio 14
VisualStudioVersion = 14.0.24720.0
MinimumVisualStudioVersion = 10.0.40219.1
Project("{FAE04EC0-301F-11D3-BF4B-00C04F79EFBC}") = "Apex Launcher", "Apex Launcher\Apex Launcher.csproj", "{5E7B16E1-966F-4B48-8EFA-9EC26C113F7E}"
EndProject
Global
	GlobalSection(SolutionConfigurationPlatforms) = preSolution
		Debug|Any CPU = Debug|Any CPU
		Release|Any CPU = Release|Any CPU
	EndGlobalSection
	GlobalSection(ProjectConfigurationPlatforms) = postSolution
		{5E7B16E1-966F-4B48-8EFA-9EC26C113F7E}.Debug|Any CPU.ActiveCfg = Debug|Any CPU
		{5E7B16E1-966F-4B48-8EFA-9EC26C113F7E}.Debug|Any CPU.Build.0 = Debug|Any CPU
		{5E7B16E1-966F-4B48-8EFA-9EC26C113F7E}.Release|Any CPU.ActiveCfg = Release|Any CPU
		{5E7B16E1-966F-4B48-8EFA-9EC26C113F7E}.Release|Any CPU.Build.0 = Release|Any CPU
	EndGlobalSection
	GlobalSection(SolutionProperties) = preSolution
		HideSolutionNode = FALSE
	EndGlobalSection
EndGlobal
