
Microsoft Visual Studio Solution File, Format Version 12.00
# Visual Studio Version 16
VisualStudioVersion = 16.0.29613.14
MinimumVisualStudioVersion = 10.0.40219.1
Project("{9A19103F-16F7-4668-BE54-9A1E7A4F7556}") = "Apex Launcher", "Apex Launcher\Apex Launcher.csproj", "{5E7B16E1-966F-4B48-8EFA-9EC26C113F7E}"
EndProject
Project("{2150E333-8FDC-42A3-9474-1A3956D46DE8}") = "Solution Items", "Solution Items", "{9E9AE213-F61C-4A85-B611-D93CC765F5A4}"
	ProjectSection(SolutionItems) = preProject
		.editorconfig = .editorconfig
	EndProjectSection
EndProject
Global
	GlobalSection(SolutionConfigurationPlatforms) = preSolution
		Debug|Any CPU = Debug|Any CPU
		Release|Any CPU = Release|Any CPU
	EndGlobalSection
	GlobalSection(ProjectConfigurationPlatforms) = postSolution
		{5E7B16E1-966F-4B48-8EFA-9EC26C113F7E}.Debug|Any CPU.ActiveCfg = Debug|Any CPU
		{5E7B16E1-966F-4B48-8EFA-9EC26C113F7E}.Debug|Any CPU.Build.0 = Debug|Any CPU
		{5E7B16E1-966F-4B48-8EFA-9EC26C113F7E}.Release|Any CPU.ActiveCfg = Release|Any CPU
		{5E7B16E1-966F-4B48-8EFA-9EC26C113F7E}.Release|Any CPU.Build.0 = Release|Any CPU
	EndGlobalSection
	GlobalSection(SolutionProperties) = preSolution
		HideSolutionNode = FALSE
	EndGlobalSection
	GlobalSection(ExtensibilityGlobals) = postSolution
		SolutionGuid = {D51EC5B4-4B8B-4328-8AA7-FE0D26FEDC49}
	EndGlobalSection
EndGlobal
